
Microsoft Visual Studio Solution File, Format Version 12.00
# Visual Studio Version 16
VisualStudioVersion = 16.0.30204.135
MinimumVisualStudioVersion = 10.0.40219.1
Project("{9A19103F-16F7-4668-BE54-9A1E7A4F7556}") = "Repository", "Repository\Repository.csproj", "{361C081C-C9C4-4147-9283-4FEE128B2E01}"
EndProject
Project("{9A19103F-16F7-4668-BE54-9A1E7A4F7556}") = "API-ALPHA", "API-ALPHA\API-ALPHA.csproj", "{48C1E2BE-9B87-4E02-89D6-2E8026EA4F37}"
EndProject
Project("{9A19103F-16F7-4668-BE54-9A1E7A4F7556}") = "Contracts", "Contracts\Contracts.csproj", "{698E578D-D220-4AA3-9FA5-8101E944AAAD}"
EndProject
Project("{9A19103F-16F7-4668-BE54-9A1E7A4F7556}") = "Entities", "Entities\Entities.csproj", "{9ACBA7BB-44A9-4CD7-94B1-5D7DDED873ED}"
EndProject
Project("{9A19103F-16F7-4668-BE54-9A1E7A4F7556}") = "LoggerService", "LoggerService\LoggerService.csproj", "{932A91C5-6E0E-4E14-909C-2D6FB5C65812}"
EndProject
Global
	GlobalSection(SolutionConfigurationPlatforms) = preSolution
		Debug|Any CPU = Debug|Any CPU
		Release|Any CPU = Release|Any CPU
	EndGlobalSection
	GlobalSection(ProjectConfigurationPlatforms) = postSolution
		{361C081C-C9C4-4147-9283-4FEE128B2E01}.Debug|Any CPU.ActiveCfg = Debug|Any CPU
		{361C081C-C9C4-4147-9283-4FEE128B2E01}.Debug|Any CPU.Build.0 = Debug|Any CPU
		{361C081C-C9C4-4147-9283-4FEE128B2E01}.Release|Any CPU.ActiveCfg = Release|Any CPU
		{361C081C-C9C4-4147-9283-4FEE128B2E01}.Release|Any CPU.Build.0 = Release|Any CPU
		{48C1E2BE-9B87-4E02-89D6-2E8026EA4F37}.Debug|Any CPU.ActiveCfg = Debug|Any CPU
		{48C1E2BE-9B87-4E02-89D6-2E8026EA4F37}.Debug|Any CPU.Build.0 = Debug|Any CPU
		{48C1E2BE-9B87-4E02-89D6-2E8026EA4F37}.Release|Any CPU.ActiveCfg = Release|Any CPU
		{48C1E2BE-9B87-4E02-89D6-2E8026EA4F37}.Release|Any CPU.Build.0 = Release|Any CPU
		{698E578D-D220-4AA3-9FA5-8101E944AAAD}.Debug|Any CPU.ActiveCfg = Debug|Any CPU
		{698E578D-D220-4AA3-9FA5-8101E944AAAD}.Debug|Any CPU.Build.0 = Debug|Any CPU
		{698E578D-D220-4AA3-9FA5-8101E944AAAD}.Release|Any CPU.ActiveCfg = Release|Any CPU
		{698E578D-D220-4AA3-9FA5-8101E944AAAD}.Release|Any CPU.Build.0 = Release|Any CPU
		{9ACBA7BB-44A9-4CD7-94B1-5D7DDED873ED}.Debug|Any CPU.ActiveCfg = Debug|Any CPU
		{9ACBA7BB-44A9-4CD7-94B1-5D7DDED873ED}.Debug|Any CPU.Build.0 = Debug|Any CPU
		{9ACBA7BB-44A9-4CD7-94B1-5D7DDED873ED}.Release|Any CPU.ActiveCfg = Release|Any CPU
		{9ACBA7BB-44A9-4CD7-94B1-5D7DDED873ED}.Release|Any CPU.Build.0 = Release|Any CPU
		{932A91C5-6E0E-4E14-909C-2D6FB5C65812}.Debug|Any CPU.ActiveCfg = Debug|Any CPU
		{932A91C5-6E0E-4E14-909C-2D6FB5C65812}.Debug|Any CPU.Build.0 = Debug|Any CPU
		{932A91C5-6E0E-4E14-909C-2D6FB5C65812}.Release|Any CPU.ActiveCfg = Release|Any CPU
		{932A91C5-6E0E-4E14-909C-2D6FB5C65812}.Release|Any CPU.Build.0 = Release|Any CPU
	EndGlobalSection
	GlobalSection(SolutionProperties) = preSolution
		HideSolutionNode = FALSE
	EndGlobalSection
	GlobalSection(ExtensibilityGlobals) = postSolution
		SolutionGuid = {18057EB3-899D-43C6-B19E-D7C600AF0889}
	EndGlobalSection
EndGlobal
